{
    "_readme": [
        "This file locks the dependencies of your project to a known state",
        "Read more about it at https://getcomposer.org/doc/01-basic-usage.md#composer-lock-the-lock-file",
        "This file is @generated automatically"
    ],
    "hash": "51a4d2c12729487e26983992881d3fb5",
    "content-hash": "f88aef13ca356d0de5a0dd5234566e1b",
    "packages": [
        {
            "name": "lox/xhprof",
            "version": "dev-master",
            "source": {
                "type": "git",
                "url": "https://github.com/lox/xhprof.git",
                "reference": "c64571f892bda1298bad9c5e94ede0bc3f0e4627"
            },
            "dist": {
                "type": "zip",
                "url": "https://api.github.com/repos/lox/xhprof/zipball/c64571f892bda1298bad9c5e94ede0bc3f0e4627",
                "reference": "c64571f892bda1298bad9c5e94ede0bc3f0e4627",
                "shasum": ""
            },
            "require": {
                "php": ">=5.2.0"
            },
            "bin": [
                "bin/xhprofile"
            ],
            "type": "library",
            "autoload": {
                "files": [
                    "xhprof_lib/utils/xhprof_lib.php",
                    "xhprof_lib/utils/xhprof_runs.php"
                ]
            },
            "notification-url": "http://packagist.org/downloads/",
            "license": [
                "Apache-2.0"
            ],
            "description": "XHProf: A Hierarchical Profiler for PHP",
            "homepage": "http://pecl.php.net/package/xhprof",
            "keywords": [
                "performance",
                "profiling"
            ],
            "time": "2015-08-31 22:07:48"
        }
    ],
    "packages-dev": [],
    "aliases": [],
    "minimum-stability": "stable",
    "stability-flags": {
        "lox/xhprof": 20
    },
    "prefer-stable": false,
    "prefer-lowest": false,
    "platform": [],
    "platform-dev": []
}
